
Microsoft Visual Studio Solution File, Format Version 12.00
# Visual Studio Version 16
VisualStudioVersion = 16.0.30225.117
MinimumVisualStudioVersion = 10.0.40219.1
Project("{FAE04EC0-301F-11D3-BF4B-00C04F79EFBC}") = "IndusNetAssignMentRealTime1", "IndusNetAssignMentRealTime1\IndusNetAssignMentRealTime1.csproj", "{3C3B7F7B-2314-445F-A774-F72C8AC3320D}"
EndProject
Global
	GlobalSection(SolutionConfigurationPlatforms) = preSolution
		Debug|Any CPU = Debug|Any CPU
		Release|Any CPU = Release|Any CPU
	EndGlobalSection
	GlobalSection(ProjectConfigurationPlatforms) = postSolution
		{3C3B7F7B-2314-445F-A774-F72C8AC3320D}.Debug|Any CPU.ActiveCfg = Debug|Any CPU
		{3C3B7F7B-2314-445F-A774-F72C8AC3320D}.Debug|Any CPU.Build.0 = Debug|Any CPU
		{3C3B7F7B-2314-445F-A774-F72C8AC3320D}.Release|Any CPU.ActiveCfg = Release|Any CPU
		{3C3B7F7B-2314-445F-A774-F72C8AC3320D}.Release|Any CPU.Build.0 = Release|Any CPU
	EndGlobalSection
	GlobalSection(SolutionProperties) = preSolution
		HideSolutionNode = FALSE
	EndGlobalSection
	GlobalSection(ExtensibilityGlobals) = postSolution
		SolutionGuid = {8AC5CC7E-E55F-4D67-A6CB-2F726B419950}
	EndGlobalSection
EndGlobal
